
Microsoft Visual Studio Solution File, Format Version 12.00
# Visual Studio Version 17
VisualStudioVersion = 17.4.33403.182
MinimumVisualStudioVersion = 10.0.40219.1
Project("{9A19103F-16F7-4668-BE54-9A1E7A4F7556}") = "RMS", "RMS.csproj", "{3DA3B041-4925-4B45-9BF9-E6CCEAF26164}"
EndProject
Project("{9A19103F-16F7-4668-BE54-9A1E7A4F7556}") = "RMS.DataAccess", "..\RMS.DataAccess\RMS.DataAccess.csproj", "{EF0339B0-F8D4-44DD-BA8C-417955020DBC}"
EndProject
Project("{9A19103F-16F7-4668-BE54-9A1E7A4F7556}") = "RMS.Models", "..\RMS.Models\RMS.Models.csproj", "{1F7DCD38-23A0-4AF3-A73A-FE7452255746}"
EndProject
Project("{9A19103F-16F7-4668-BE54-9A1E7A4F7556}") = "RMS.Utility", "..\RMS.Utility\RMS.Utility.csproj", "{EB0355D3-1F18-44AA-B070-9013C9485CA5}"
EndProject
Project("{9A19103F-16F7-4668-BE54-9A1E7A4F7556}") = "RMS.DTOS", "..\RMS.DTOS\RMS.DTOS.csproj", "{3CFE69B3-5836-4DA2-9D01-AB0ABD1410AE}"
EndProject
Project("{FAE04EC0-301F-11D3-BF4B-00C04F79EFBC}") = "RMS.NUnitTests.DataAccess", "..\RMS.NUnitTests\RMS.NUnitTests.DataAccess.csproj", "{78974FC6-B2EB-4168-9103-736E7827B402}"
EndProject
Global
	GlobalSection(SolutionConfigurationPlatforms) = preSolution
		Debug|Any CPU = Debug|Any CPU
		Release|Any CPU = Release|Any CPU
	EndGlobalSection
	GlobalSection(ProjectConfigurationPlatforms) = postSolution
		{3DA3B041-4925-4B45-9BF9-E6CCEAF26164}.Debug|Any CPU.ActiveCfg = Debug|Any CPU
		{3DA3B041-4925-4B45-9BF9-E6CCEAF26164}.Debug|Any CPU.Build.0 = Debug|Any CPU
		{3DA3B041-4925-4B45-9BF9-E6CCEAF26164}.Release|Any CPU.ActiveCfg = Release|Any CPU
		{3DA3B041-4925-4B45-9BF9-E6CCEAF26164}.Release|Any CPU.Build.0 = Release|Any CPU
		{EF0339B0-F8D4-44DD-BA8C-417955020DBC}.Debug|Any CPU.ActiveCfg = Debug|Any CPU
		{EF0339B0-F8D4-44DD-BA8C-417955020DBC}.Debug|Any CPU.Build.0 = Debug|Any CPU
		{EF0339B0-F8D4-44DD-BA8C-417955020DBC}.Release|Any CPU.ActiveCfg = Release|Any CPU
		{EF0339B0-F8D4-44DD-BA8C-417955020DBC}.Release|Any CPU.Build.0 = Release|Any CPU
		{1F7DCD38-23A0-4AF3-A73A-FE7452255746}.Debug|Any CPU.ActiveCfg = Debug|Any CPU
		{1F7DCD38-23A0-4AF3-A73A-FE7452255746}.Debug|Any CPU.Build.0 = Debug|Any CPU
		{1F7DCD38-23A0-4AF3-A73A-FE7452255746}.Release|Any CPU.ActiveCfg = Release|Any CPU
		{1F7DCD38-23A0-4AF3-A73A-FE7452255746}.Release|Any CPU.Build.0 = Release|Any CPU
		{EB0355D3-1F18-44AA-B070-9013C9485CA5}.Debug|Any CPU.ActiveCfg = Debug|Any CPU
		{EB0355D3-1F18-44AA-B070-9013C9485CA5}.Debug|Any CPU.Build.0 = Debug|Any CPU
		{EB0355D3-1F18-44AA-B070-9013C9485CA5}.Release|Any CPU.ActiveCfg = Release|Any CPU
		{EB0355D3-1F18-44AA-B070-9013C9485CA5}.Release|Any CPU.Build.0 = Release|Any CPU
		{3CFE69B3-5836-4DA2-9D01-AB0ABD1410AE}.Debug|Any CPU.ActiveCfg = Debug|Any CPU
		{3CFE69B3-5836-4DA2-9D01-AB0ABD1410AE}.Debug|Any CPU.Build.0 = Debug|Any CPU
		{3CFE69B3-5836-4DA2-9D01-AB0ABD1410AE}.Release|Any CPU.ActiveCfg = Release|Any CPU
		{3CFE69B3-5836-4DA2-9D01-AB0ABD1410AE}.Release|Any CPU.Build.0 = Release|Any CPU
		{78974FC6-B2EB-4168-9103-736E7827B402}.Debug|Any CPU.ActiveCfg = Debug|Any CPU
		{78974FC6-B2EB-4168-9103-736E7827B402}.Debug|Any CPU.Build.0 = Debug|Any CPU
		{78974FC6-B2EB-4168-9103-736E7827B402}.Release|Any CPU.ActiveCfg = Release|Any CPU
		{78974FC6-B2EB-4168-9103-736E7827B402}.Release|Any CPU.Build.0 = Release|Any CPU
	EndGlobalSection
	GlobalSection(SolutionProperties) = preSolution
		HideSolutionNode = FALSE
	EndGlobalSection
	GlobalSection(ExtensibilityGlobals) = postSolution
		SolutionGuid = {F7FEC17B-FF91-49A8-9047-A1132DF85585}
	EndGlobalSection
EndGlobal
